# This file is automatically @generated by Cargo.
# It is not intended for manual editing.
version = 4

[[package]]
name = "hyperion-bench"
version = "0.1.0"
dependencies = [
 "hyperion-core",
 "hyperion-model",
]

[[package]]
name = "hyperion-core"
version = "0.1.0"
dependencies = [
 "hyperion-ffi",
 "hyperion-model",
 "hyperion-tokenizer",
]

[[package]]
name = "hyperion-ffi"
version = "0.1.0"

[[package]]
name = "hyperion-model"
version = "0.1.0"

[[package]]
name = "hyperion-server"
version = "0.1.0"
dependencies = [
 "hyperion-core",
 "hyperion-tokenizer",
]

[[package]]
name = "hyperion-tokenizer"
version = "0.1.0"
